
Microsoft Visual Studio Solution File, Format Version 12.00
# Visual Studio 14
VisualStudioVersion = 14.0.25123.0
MinimumVisualStudioVersion = 10.0.40219.1
Project("{FAE04EC0-301F-11D3-BF4B-00C04F79EFBC}") = "FORM_API", "FORM_API\FORM_API.csproj", "{532C6B06-64DC-4FA4-B05D-F33A0CAE6F7B}"
EndProject
Project("{FAE04EC0-301F-11D3-BF4B-00C04F79EFBC}") = "FORM_UI", "FORM_UI\FORM_UI.csproj", "{ACABCB1A-3ABB-4E58-920E-A67D8A639017}"
EndProject
Global
	GlobalSection(SolutionConfigurationPlatforms) = preSolution
		Debug|Any CPU = Debug|Any CPU
		Release|Any CPU = Release|Any CPU
	EndGlobalSection
	GlobalSection(ProjectConfigurationPlatforms) = postSolution
		{532C6B06-64DC-4FA4-B05D-F33A0CAE6F7B}.Debug|Any CPU.ActiveCfg = Debug|Any CPU
		{532C6B06-64DC-4FA4-B05D-F33A0CAE6F7B}.Debug|Any CPU.Build.0 = Debug|Any CPU
		{532C6B06-64DC-4FA4-B05D-F33A0CAE6F7B}.Release|Any CPU.ActiveCfg = Release|Any CPU
		{532C6B06-64DC-4FA4-B05D-F33A0CAE6F7B}.Release|Any CPU.Build.0 = Release|Any CPU
		{ACABCB1A-3ABB-4E58-920E-A67D8A639017}.Debug|Any CPU.ActiveCfg = Debug|Any CPU
		{ACABCB1A-3ABB-4E58-920E-A67D8A639017}.Debug|Any CPU.Build.0 = Debug|Any CPU
		{ACABCB1A-3ABB-4E58-920E-A67D8A639017}.Release|Any CPU.ActiveCfg = Release|Any CPU
		{ACABCB1A-3ABB-4E58-920E-A67D8A639017}.Release|Any CPU.Build.0 = Release|Any CPU
	EndGlobalSection
	GlobalSection(SolutionProperties) = preSolution
		HideSolutionNode = FALSE
	EndGlobalSection
EndGlobal
